
Microsoft Visual Studio Solution File, Format Version 12.00
# Visual Studio Version 16
VisualStudioVersion = 16.0.29728.190
MinimumVisualStudioVersion = 10.0.40219.1
Project("{FAE04EC0-301F-11D3-BF4B-00C04F79EFBC}") = "Bot", "Bot\Bot.csproj", "{1AE80CDF-8583-4FC1-BAB8-2AB006E5CE8D}"
EndProject
Global
	GlobalSection(SolutionConfigurationPlatforms) = preSolution
		Debug|Any CPU = Debug|Any CPU
		Release|Any CPU = Release|Any CPU
	EndGlobalSection
	GlobalSection(ProjectConfigurationPlatforms) = postSolution
		{1AE80CDF-8583-4FC1-BAB8-2AB006E5CE8D}.Debug|Any CPU.ActiveCfg = Debug|Any CPU
		{1AE80CDF-8583-4FC1-BAB8-2AB006E5CE8D}.Debug|Any CPU.Build.0 = Debug|Any CPU
		{1AE80CDF-8583-4FC1-BAB8-2AB006E5CE8D}.Release|Any CPU.ActiveCfg = Release|Any CPU
		{1AE80CDF-8583-4FC1-BAB8-2AB006E5CE8D}.Release|Any CPU.Build.0 = Release|Any CPU
	EndGlobalSection
	GlobalSection(SolutionProperties) = preSolution
		HideSolutionNode = FALSE
	EndGlobalSection
	GlobalSection(ExtensibilityGlobals) = postSolution
		SolutionGuid = {DFA2D1D0-9140-45DD-A381-DDB019832720}
	EndGlobalSection
EndGlobal
