
Microsoft Visual Studio Solution File, Format Version 12.00
# Visual Studio Version 16
VisualStudioVersion = 16.0.30204.135
MinimumVisualStudioVersion = 10.0.40219.1
Project("{9A19103F-16F7-4668-BE54-9A1E7A4F7556}") = "CameraBot", "CameraBot\CameraBot.csproj", "{727DC84F-A27E-4479-B232-91771AFAF6E4}"
EndProject
Project("{9A19103F-16F7-4668-BE54-9A1E7A4F7556}") = "CameraBot.Server", "CameraBot.Server\CameraBot.Server.csproj", "{DCB2CA20-79F7-4536-ABF4-604A1FBC04D2}"
EndProject
Project("{9A19103F-16F7-4668-BE54-9A1E7A4F7556}") = "CameraBot.Telegram", "CameraBot.Telegram\CameraBot.Telegram.csproj", "{877B859A-E788-4A56-8987-ED7617C88F85}"
EndProject
Global
	GlobalSection(SolutionConfigurationPlatforms) = preSolution
		Debug|Any CPU = Debug|Any CPU
		Release|Any CPU = Release|Any CPU
	EndGlobalSection
	GlobalSection(ProjectConfigurationPlatforms) = postSolution
		{727DC84F-A27E-4479-B232-91771AFAF6E4}.Debug|Any CPU.ActiveCfg = Debug|Any CPU
		{727DC84F-A27E-4479-B232-91771AFAF6E4}.Debug|Any CPU.Build.0 = Debug|Any CPU
		{727DC84F-A27E-4479-B232-91771AFAF6E4}.Release|Any CPU.ActiveCfg = Release|Any CPU
		{727DC84F-A27E-4479-B232-91771AFAF6E4}.Release|Any CPU.Build.0 = Release|Any CPU
		{DCB2CA20-79F7-4536-ABF4-604A1FBC04D2}.Debug|Any CPU.ActiveCfg = Debug|Any CPU
		{DCB2CA20-79F7-4536-ABF4-604A1FBC04D2}.Debug|Any CPU.Build.0 = Debug|Any CPU
		{DCB2CA20-79F7-4536-ABF4-604A1FBC04D2}.Release|Any CPU.ActiveCfg = Release|Any CPU
		{DCB2CA20-79F7-4536-ABF4-604A1FBC04D2}.Release|Any CPU.Build.0 = Release|Any CPU
		{877B859A-E788-4A56-8987-ED7617C88F85}.Debug|Any CPU.ActiveCfg = Debug|Any CPU
		{877B859A-E788-4A56-8987-ED7617C88F85}.Debug|Any CPU.Build.0 = Debug|Any CPU
		{877B859A-E788-4A56-8987-ED7617C88F85}.Release|Any CPU.ActiveCfg = Release|Any CPU
		{877B859A-E788-4A56-8987-ED7617C88F85}.Release|Any CPU.Build.0 = Release|Any CPU
	EndGlobalSection
	GlobalSection(SolutionProperties) = preSolution
		HideSolutionNode = FALSE
	EndGlobalSection
	GlobalSection(ExtensibilityGlobals) = postSolution
		SolutionGuid = {4AD0E95B-AC8C-4D69-A2C4-F5F81D9C3003}
	EndGlobalSection
EndGlobal
